// !$*UTF8*$!
{
	archiveVersion = 1;
	classes = {
	};
	objectVersion = 46;
	objects = {

/* Begin PBXBuildFile section */
		63148A711904F3F00028E578 /* Foundation.framework in Frameworks */ = {isa = PBXBuildFile; fileRef = 63148A701904F3F00028E578 /* Foundation.framework */; };
		63148A731904F3F00028E578 /* CoreGraphics.framework in Frameworks */ = {isa = PBXBuildFile; fileRef = 63148A721904F3F00028E578 /* CoreGraphics.framework */; };
		63148A751904F3F00028E578 /* UIKit.framework in Frameworks */ = {isa = PBXBuildFile; fileRef = 63148A741904F3F00028E578 /* UIKit.framework */; };
		63148A7B1904F3F00028E578 /* InfoPlist.strings in Resources */ = {isa = PBXBuildFile; fileRef = 63148A791904F3F00028E578 /* InfoPlist.strings */; };
		63148A7D1904F3F00028E578 /* main.m in Sources */ = {isa = PBXBuildFile; fileRef = 63148A7C1904F3F00028E578 /* main.m */; };
		63148A811904F3F00028E578 /* SNAppDelegate.m in Sources */ = {isa = PBXBuildFile; fileRef = 63148A801904F3F00028E578 /* SNAppDelegate.m */; };
		63148A841904F3F00028E578 /* Main.storyboard in Resources */ = {isa = PBXBuildFile; fileRef = 63148A821904F3F00028E578 /* Main.storyboard */; };
		63148A871904F3F00028E578 /* SNViewController.m in Sources */ = {isa = PBXBuildFile; fileRef = 63148A861904F3F00028E578 /* SNViewController.m */; };
		63148A891904F3F00028E578 /* Images.xcassets in Resources */ = {isa = PBXBuildFile; fileRef = 63148A881904F3F00028E578 /* Images.xcassets */; };
		63148A901904F3F00028E578 /* XCTest.framework in Frameworks */ = {isa = PBXBuildFile; fileRef = 63148A8F1904F3F00028E578 /* XCTest.framework */; };
		63148A911904F3F00028E578 /* Foundation.framework in Frameworks */ = {isa = PBXBuildFile; fileRef = 63148A701904F3F00028E578 /* Foundation.framework */; };
		63148A921904F3F00028E578 /* UIKit.framework in Frameworks */ = {isa = PBXBuildFile; fileRef = 63148A741904F3F00028E578 /* UIKit.framework */; };
		63148A9A1904F3F00028E578 /* InfoPlist.strings in Resources */ = {isa = PBXBuildFile; fileRef = 63148A981904F3F00028E578 /* InfoPlist.strings */; };
		63148A9C1904F3F00028E578 /* SensoroExampleTests.m in Sources */ = {isa = PBXBuildFile; fileRef = 63148A9B1904F3F00028E578 /* SensoroExampleTests.m */; };
		63148AAA1904F8C50028E578 /* SNSensoroSenseWatcher.m in Sources */ = {isa = PBXBuildFile; fileRef = 63148AA91904F8C50028E578 /* SNSensoroSenseWatcher.m */; };
		63148AAC190500180028E578 /* CoreBluetooth.framework in Frameworks */ = {isa = PBXBuildFile; fileRef = 63148AAB190500180028E578 /* CoreBluetooth.framework */; };
		63148AAE190500300028E578 /* CoreLocation.framework in Frameworks */ = {isa = PBXBuildFile; fileRef = 63148AAD190500300028E578 /* CoreLocation.framework */; };
		63148AB0190500560028E578 /* SystemConfiguration.framework in Frameworks */ = {isa = PBXBuildFile; fileRef = 63148AAF190500560028E578 /* SystemConfiguration.framework */; };
		63148AB2190500EF0028E578 /* libc++.dylib in Frameworks */ = {isa = PBXBuildFile; fileRef = 63148AB1190500EF0028E578 /* libc++.dylib */; };
		63148AB519051E940028E578 /* SensoroSense.framework in Frameworks */ = {isa = PBXBuildFile; fileRef = 63148AB419051E940028E578 /* SensoroSense.framework */; };
		63148ABE19052A630028E578 /* GoodsImage.xib in Resources */ = {isa = PBXBuildFile; fileRef = 63148AB819052A630028E578 /* GoodsImage.xib */; };
		63148ABF19052A630028E578 /* GoodsWeb.xib in Resources */ = {isa = PBXBuildFile; fileRef = 63148AB919052A630028E578 /* GoodsWeb.xib */; };
		63148AC019052A630028E578 /* SNGoodsImageShowController.m in Sources */ = {isa = PBXBuildFile; fileRef = 63148ABB19052A630028E578 /* SNGoodsImageShowController.m */; };
		63148AC119052A630028E578 /* SNWebViewController.m in Sources */ = {isa = PBXBuildFile; fileRef = 63148ABD19052A630028E578 /* SNWebViewController.m */; };
		63148AE119052AF20028E578 /* MKAnnotationView+WebCache.m in Sources */ = {isa = PBXBuildFile; fileRef = 63148AC519052AF20028E578 /* MKAnnotationView+WebCache.m */; };
		63148AE219052AF20028E578 /* NSData+ImageContentType.m in Sources */ = {isa = PBXBuildFile; fileRef = 63148AC719052AF20028E578 /* NSData+ImageContentType.m */; };
		63148AE319052AF20028E578 /* SDImageCache.m in Sources */ = {isa = PBXBuildFile; fileRef = 63148AC919052AF20028E578 /* SDImageCache.m */; };
		63148AE419052AF20028E578 /* SDWebImageCompat.m in Sources */ = {isa = PBXBuildFile; fileRef = 63148ACB19052AF20028E578 /* SDWebImageCompat.m */; };
		63148AE519052AF20028E578 /* SDWebImageDecoder.m in Sources */ = {isa = PBXBuildFile; fileRef = 63148ACD19052AF20028E578 /* SDWebImageDecoder.m */; };
		63148AE619052AF20028E578 /* SDWebImageDownloader.m in Sources */ = {isa = PBXBuildFile; fileRef = 63148ACF19052AF20028E578 /* SDWebImageDownloader.m */; };
		63148AE719052AF20028E578 /* SDWebImageDownloaderOperation.m in Sources */ = {isa = PBXBuildFile; fileRef = 63148AD119052AF20028E578 /* SDWebImageDownloaderOperation.m */; };
		63148AE819052AF20028E578 /* SDWebImageManager.m in Sources */ = {isa = PBXBuildFile; fileRef = 63148AD319052AF20028E578 /* SDWebImageManager.m */; };
		63148AE919052AF20028E578 /* SDWebImagePrefetcher.m in Sources */ = {isa = PBXBuildFile; fileRef = 63148AD619052AF20028E578 /* SDWebImagePrefetcher.m */; };
		63148AEA19052AF20028E578 /* UIButton+WebCache.m in Sources */ = {isa = PBXBuildFile; fileRef = 63148AD819052AF20028E578 /* UIButton+WebCache.m */; };
		63148AEB19052AF20028E578 /* UIImage+GIF.m in Sources */ = {isa = PBXBuildFile; fileRef = 63148ADA19052AF20028E578 /* UIImage+GIF.m */; };
		63148AEC19052AF20028E578 /* UIImage+MultiFormat.m in Sources */ = {isa = PBXBuildFile; fileRef = 63148ADC19052AF20028E578 /* UIImage+MultiFormat.m */; };
		63148AED19052AF20028E578 /* UIImage+WebP.m in Sources */ = {isa = PBXBuildFile; fileRef = 63148ADE19052AF20028E578 /* UIImage+WebP.m */; };
		63148AEE19052AF20028E578 /* UIImageView+WebCache.m in Sources */ = {isa = PBXBuildFile; fileRef = 63148AE019052AF20028E578 /* UIImageView+WebCache.m */; };
/* End PBXBuildFile section */

/* Begin PBXContainerItemProxy section */
		63148A931904F3F00028E578 /* PBXContainerItemProxy */ = {
			isa = PBXContainerItemProxy;
			containerPortal = 63148A651904F3F00028E578 /* Project object */;
			proxyType = 1;
			remoteGlobalIDString = 63148A6C1904F3F00028E578;
			remoteInfo = SensoroExample;
		};
/* End PBXContainerItemProxy section */

/* Begin PBXFileReference section */
		63148A6D1904F3F00028E578 /* SensoroExample.app */ = {isa = PBXFileReference; explicitFileType = wrapper.application; includeInIndex = 0; path = SensoroExample.app; sourceTree = BUILT_PRODUCTS_DIR; };
		63148A701904F3F00028E578 /* Foundation.framework */ = {isa = PBXFileReference; lastKnownFileType = wrapper.framework; name = Foundation.framework; path = System/Library/Frameworks/Foundation.framework; sourceTree = SDKROOT; };
		63148A721904F3F00028E578 /* CoreGraphics.framework */ = {isa = PBXFileReference; lastKnownFileType = wrapper.framework; name = CoreGraphics.framework; path = System/Library/Frameworks/CoreGraphics.framework; sourceTree = SDKROOT; };
		63148A741904F3F00028E578 /* UIKit.framework */ = {isa = PBXFileReference; lastKnownFileType = wrapper.framework; name = UIKit.framework; path = System/Library/Frameworks/UIKit.framework; sourceTree = SDKROOT; };
		63148A781904F3F00028E578 /* SensoroExample-Info.plist */ = {isa = PBXFileReference; lastKnownFileType = text.plist.xml; path = "SensoroExample-Info.plist"; sourceTree = "<group>"; };
		63148A7A1904F3F00028E578 /* en */ = {isa = PBXFileReference; lastKnownFileType = text.plist.strings; name = en; path = en.lproj/InfoPlist.strings; sourceTree = "<group>"; };
		63148A7C1904F3F00028E578 /* main.m */ = {isa = PBXFileReference; lastKnownFileType = sourcecode.c.objc; path = main.m; sourceTree = "<group>"; };
		63148A7E1904F3F00028E578 /* SensoroExample-Prefix.pch */ = {isa = PBXFileReference; lastKnownFileType = sourcecode.c.h; path = "SensoroExample-Prefix.pch"; sourceTree = "<group>"; };
		63148A7F1904F3F00028E578 /* SNAppDelegate.h */ = {isa = PBXFileReference; lastKnownFileType = sourcecode.c.h; path = SNAppDelegate.h; sourceTree = "<group>"; };
		63148A801904F3F00028E578 /* SNAppDelegate.m */ = {isa = PBXFileReference; lastKnownFileType = sourcecode.c.objc; path = SNAppDelegate.m; sourceTree = "<group>"; };
		63148A831904F3F00028E578 /* Base */ = {isa = PBXFileReference; lastKnownFileType = file.storyboard; name = Base; path = Base.lproj/Main.storyboard; sourceTree = "<group>"; };
		63148A851904F3F00028E578 /* SNViewController.h */ = {isa = PBXFileReference; lastKnownFileType = sourcecode.c.h; path = SNViewController.h; sourceTree = "<group>"; };
		63148A861904F3F00028E578 /* SNViewController.m */ = {isa = PBXFileReference; lastKnownFileType = sourcecode.c.objc; path = SNViewController.m; sourceTree = "<group>"; };
		63148A881904F3F00028E578 /* Images.xcassets */ = {isa = PBXFileReference; lastKnownFileType = folder.assetcatalog; path = Images.xcassets; sourceTree = "<group>"; };
		63148A8E1904F3F00028E578 /* SensoroExampleTests.xctest */ = {isa = PBXFileReference; explicitFileType = wrapper.cfbundle; includeInIndex = 0; path = SensoroExampleTests.xctest; sourceTree = BUILT_PRODUCTS_DIR; };
		63148A8F1904F3F00028E578 /* XCTest.framework */ = {isa = PBXFileReference; lastKnownFileType = wrapper.framework; name = XCTest.framework; path = Library/Frameworks/XCTest.framework; sourceTree = DEVELOPER_DIR; };
		63148A971904F3F00028E578 /* SensoroExampleTests-Info.plist */ = {isa = PBXFileReference; lastKnownFileType = text.plist.xml; path = "SensoroExampleTests-Info.plist"; sourceTree = "<group>"; };
		63148A991904F3F00028E578 /* en */ = {isa = PBXFileReference; lastKnownFileType = text.plist.strings; name = en; path = en.lproj/InfoPlist.strings; sourceTree = "<group>"; };
		63148A9B1904F3F00028E578 /* SensoroExampleTests.m */ = {isa = PBXFileReference; lastKnownFileType = sourcecode.c.objc; path = SensoroExampleTests.m; sourceTree = "<group>"; };
		63148AA81904F8C50028E578 /* SNSensoroSenseWatcher.h */ = {isa = PBXFileReference; fileEncoding = 4; lastKnownFileType = sourcecode.c.h; name = SNSensoroSenseWatcher.h; path = Model/SNSensoroSenseWatcher.h; sourceTree = "<group>"; };
		63148AA91904F8C50028E578 /* SNSensoroSenseWatcher.m */ = {isa = PBXFileReference; fileEncoding = 4; lastKnownFileType = sourcecode.c.objc; name = SNSensoroSenseWatcher.m; path = Model/SNSensoroSenseWatcher.m; sourceTree = "<group>"; };
		63148AAB190500180028E578 /* CoreBluetooth.framework */ = {isa = PBXFileReference; lastKnownFileType = wrapper.framework; name = CoreBluetooth.framework; path = System/Library/Frameworks/CoreBluetooth.framework; sourceTree = SDKROOT; };
		63148AAD190500300028E578 /* CoreLocation.framework */ = {isa = PBXFileReference; lastKnownFileType = wrapper.framework; name = CoreLocation.framework; path = System/Library/Frameworks/CoreLocation.framework; sourceTree = SDKROOT; };
		63148AAF190500560028E578 /* SystemConfiguration.framework */ = {isa = PBXFileReference; lastKnownFileType = wrapper.framework; name = SystemConfiguration.framework; path = System/Library/Frameworks/SystemConfiguration.framework; sourceTree = SDKROOT; };
		63148AB1190500EF0028E578 /* libc++.dylib */ = {isa = PBXFileReference; lastKnownFileType = "compiled.mach-o.dylib"; name = "libc++.dylib"; path = "usr/lib/libc++.dylib"; sourceTree = SDKROOT; };
		63148AB3190512BD0028E578 /* KeyDefine.h */ = {isa = PBXFileReference; lastKnownFileType = sourcecode.c.h; path = KeyDefine.h; sourceTree = "<group>"; };
		63148AB419051E940028E578 /* SensoroSense.framework */ = {isa = PBXFileReference; lastKnownFileType = wrapper.framework; name = SensoroSense.framework; path = ../../SensoroSDK/SensoroSense.framework; sourceTree = "<group>"; };
		63148AB819052A630028E578 /* GoodsImage.xib */ = {isa = PBXFileReference; fileEncoding = 4; lastKnownFileType = file.xib; path = GoodsImage.xib; sourceTree = "<group>"; };
		63148AB919052A630028E578 /* GoodsWeb.xib */ = {isa = PBXFileReference; fileEncoding = 4; lastKnownFileType = file.xib; path = GoodsWeb.xib; sourceTree = "<group>"; };
		63148ABA19052A630028E578 /* SNGoodsImageShowController.h */ = {isa = PBXFileReference; fileEncoding = 4; lastKnownFileType = sourcecode.c.h; path = SNGoodsImageShowController.h; sourceTree = "<group>"; };
		63148ABB19052A630028E578 /* SNGoodsImageShowController.m */ = {isa = PBXFileReference; fileEncoding = 4; lastKnownFileType = sourcecode.c.objc; path = SNGoodsImageShowController.m; sourceTree = "<group>"; };
		63148ABC19052A630028E578 /* SNWebViewController.h */ = {isa = PBXFileReference; fileEncoding = 4; lastKnownFileType = sourcecode.c.h; path = SNWebViewController.h; sourceTree = "<group>"; };
		63148ABD19052A630028E578 /* SNWebViewController.m */ = {isa = PBXFileReference; fileEncoding = 4; lastKnownFileType = sourcecode.c.objc; path = SNWebViewController.m; sourceTree = "<group>"; };
		63148AC419052AF20028E578 /* MKAnnotationView+WebCache.h */ = {isa = PBXFileReference; fileEncoding = 4; lastKnownFileType = sourcecode.c.h; path = "MKAnnotationView+WebCache.h"; sourceTree = "<group>"; };
		63148AC519052AF20028E578 /* MKAnnotationView+WebCache.m */ = {isa = PBXFileReference; fileEncoding = 4; lastKnownFileType = sourcecode.c.objc; path = "MKAnnotationView+WebCache.m"; sourceTree = "<group>"; };
		63148AC619052AF20028E578 /* NSData+ImageContentType.h */ = {isa = PBXFileReference; fileEncoding = 4; lastKnownFileType = sourcecode.c.h; path = "NSData+ImageContentType.h"; sourceTree = "<group>"; };
		63148AC719052AF20028E578 /* NSData+ImageContentType.m */ = {isa = PBXFileReference; fileEncoding = 4; lastKnownFileType = sourcecode.c.objc; path = "NSData+ImageContentType.m"; sourceTree = "<group>"; };
		63148AC819052AF20028E578 /* SDImageCache.h */ = {isa = PBXFileReference; fileEncoding = 4; lastKnownFileType = sourcecode.c.h; path = SDImageCache.h; sourceTree = "<group>"; };
		63148AC919052AF20028E578 /* SDImageCache.m */ = {isa = PBXFileReference; fileEncoding = 4; lastKnownFileType = sourcecode.c.objc; path = SDImageCache.m; sourceTree = "<group>"; };
		63148ACA19052AF20028E578 /* SDWebImageCompat.h */ = {isa = PBXFileReference; fileEncoding = 4; lastKnownFileType = sourcecode.c.h; path = SDWebImageCompat.h; sourceTree = "<group>"; };
		63148ACB19052AF20028E578 /* SDWebImageCompat.m */ = {isa = PBXFileReference; fileEncoding = 4; lastKnownFileType = sourcecode.c.objc; path = SDWebImageCompat.m; sourceTree = "<group>"; };
		63148ACC19052AF20028E578 /* SDWebImageDecoder.h */ = {isa = PBXFileReference; fileEncoding = 4; lastKnownFileType = sourcecode.c.h; path = SDWebImageDecoder.h; sourceTree = "<group>"; };
		63148ACD19052AF20028E578 /* SDWebImageDecoder.m */ = {isa = PBXFileReference; fileEncoding = 4; lastKnownFileType = sourcecode.c.objc; path = SDWebImageDecoder.m; sourceTree = "<group>"; };
		63148ACE19052AF20028E578 /* SDWebImageDownloader.h */ = {isa = PBXFileReference; fileEncoding = 4; lastKnownFileType = sourcecode.c.h; path = SDWebImageDownloader.h; sourceTree = "<group>"; };
		63148ACF19052AF20028E578 /* SDWebImageDownloader.m */ = {isa = PBXFileReference; fileEncoding = 4; lastKnownFileType = sourcecode.c.objc; path = SDWebImageDownloader.m; sourceTree = "<group>"; };
		63148AD019052AF20028E578 /* SDWebImageDownloaderOperation.h */ = {isa = PBXFileReference; fileEncoding = 4; lastKnownFileType = sourcecode.c.h; path = SDWebImageDownloaderOperation.h; sourceTree = "<group>"; };
		63148AD119052AF20028E578 /* SDWebImageDownloaderOperation.m */ = {isa = PBXFileReference; fileEncoding = 4; lastKnownFileType = sourcecode.c.objc; path = SDWebImageDownloaderOperation.m; sourceTree = "<group>"; };
		63148AD219052AF20028E578 /* SDWebImageManager.h */ = {isa = PBXFileReference; fileEncoding = 4; lastKnownFileType = sourcecode.c.h; path = SDWebImageManager.h; sourceTree = "<group>"; };
		63148AD319052AF20028E578 /* SDWebImageManager.m */ = {isa = PBXFileReference; fileEncoding = 4; lastKnownFileType = sourcecode.c.objc; path = SDWebImageManager.m; sourceTree = "<group>"; };
		63148AD419052AF20028E578 /* SDWebImageOperation.h */ = {isa = PBXFileReference; fileEncoding = 4; lastKnownFileType = sourcecode.c.h; path = SDWebImageOperation.h; sourceTree = "<group>"; };
		63148AD519052AF20028E578 /* SDWebImagePrefetcher.h */ = {isa = PBXFileReference; fileEncoding = 4; lastKnownFileType = sourcecode.c.h; path = SDWebImagePrefetcher.h; sourceTree = "<group>"; };
		63148AD619052AF20028E578 /* SDWebImagePrefetcher.m */ = {isa = PBXFileReference; fileEncoding = 4; lastKnownFileType = sourcecode.c.objc; path = SDWebImagePrefetcher.m; sourceTree = "<group>"; };
		63148AD719052AF20028E578 /* UIButton+WebCache.h */ = {isa = PBXFileReference; fileEncoding = 4; lastKnownFileType = sourcecode.c.h; path = "UIButton+WebCache.h"; sourceTree = "<group>"; };
		63148AD819052AF20028E578 /* UIButton+WebCache.m */ = {isa = PBXFileReference; fileEncoding = 4; lastKnownFileType = sourcecode.c.objc; path = "UIButton+WebCache.m"; sourceTree = "<group>"; };
		63148AD919052AF20028E578 /* UIImage+GIF.h */ = {isa = PBXFileReference; fileEncoding = 4; lastKnownFileType = sourcecode.c.h; path = "UIImage+GIF.h"; sourceTree = "<group>"; };
		63148ADA19052AF20028E578 /* UIImage+GIF.m */ = {isa = PBXFileReference; fileEncoding = 4; lastKnownFileType = sourcecode.c.objc; path = "UIImage+GIF.m"; sourceTree = "<group>"; };
		63148ADB19052AF20028E578 /* UIImage+MultiFormat.h */ = {isa = PBXFileReference; fileEncoding = 4; lastKnownFileType = sourcecode.c.h; path = "UIImage+MultiFormat.h"; sourceTree = "<group>"; };
		63148ADC19052AF20028E578 /* UIImage+MultiFormat.m */ = {isa = PBXFileReference; fileEncoding = 4; lastKnownFileType = sourcecode.c.objc; path = "UIImage+MultiFormat.m"; sourceTree = "<group>"; };
		63148ADD19052AF20028E578 /* UIImage+WebP.h */ = {isa = PBXFileReference; fileEncoding = 4; lastKnownFileType = sourcecode.c.h; path = "UIImage+WebP.h"; sourceTree = "<group>"; };
		63148ADE19052AF20028E578 /* UIImage+WebP.m */ = {isa = PBXFileReference; fileEncoding = 4; lastKnownFileType = sourcecode.c.objc; path = "UIImage+WebP.m"; sourceTree = "<group>"; };
		63148ADF19052AF20028E578 /* UIImageView+WebCache.h */ = {isa = PBXFileReference; fileEncoding = 4; lastKnownFileType = sourcecode.c.h; path = "UIImageView+WebCache.h"; sourceTree = "<group>"; };
		63148AE019052AF20028E578 /* UIImageView+WebCache.m */ = {isa = PBXFileReference; fileEncoding = 4; lastKnownFileType = sourcecode.c.objc; path = "UIImageView+WebCache.m"; sourceTree = "<group>"; };
/* End PBXFileReference section */

/* Begin PBXFrameworksBuildPhase section */
		63148A6A1904F3F00028E578 /* Frameworks */ = {
			isa = PBXFrameworksBuildPhase;
			buildActionMask = 2147483647;
			files = (
				63148AB519051E940028E578 /* SensoroSense.framework in Frameworks */,
				63148AB2190500EF0028E578 /* libc++.dylib in Frameworks */,
				63148AB0190500560028E578 /* SystemConfiguration.framework in Frameworks */,
				63148AAE190500300028E578 /* CoreLocation.framework in Frameworks */,
				63148AAC190500180028E578 /* CoreBluetooth.framework in Frameworks */,
				63148A731904F3F00028E578 /* CoreGraphics.framework in Frameworks */,
				63148A751904F3F00028E578 /* UIKit.framework in Frameworks */,
				63148A711904F3F00028E578 /* Foundation.framework in Frameworks */,
			);
			runOnlyForDeploymentPostprocessing = 0;
		};
		63148A8B1904F3F00028E578 /* Frameworks */ = {
			isa = PBXFrameworksBuildPhase;
			buildActionMask = 2147483647;
			files = (
				63148A901904F3F00028E578 /* XCTest.framework in Frameworks */,
				63148A921904F3F00028E578 /* UIKit.framework in Frameworks */,
				63148A911904F3F00028E578 /* Foundation.framework in Frameworks */,
			);
			runOnlyForDeploymentPostprocessing = 0;
		};
/* End PBXFrameworksBuildPhase section */

/* Begin PBXGroup section */
		63148A641904F3F00028E578 = {
			isa = PBXGroup;
			children = (
				63148A761904F3F00028E578 /* SensoroExample */,
				63148A951904F3F00028E578 /* SensoroExampleTests */,
				63148A6F1904F3F00028E578 /* Frameworks */,
				63148A6E1904F3F00028E578 /* Products */,
			);
			sourceTree = "<group>";
		};
		63148A6E1904F3F00028E578 /* Products */ = {
			isa = PBXGroup;
			children = (
				63148A6D1904F3F00028E578 /* SensoroExample.app */,
				63148A8E1904F3F00028E578 /* SensoroExampleTests.xctest */,
			);
			name = Products;
			sourceTree = "<group>";
		};
		63148A6F1904F3F00028E578 /* Frameworks */ = {
			isa = PBXGroup;
			children = (
				63148AB1190500EF0028E578 /* libc++.dylib */,
				63148AB419051E940028E578 /* SensoroSense.framework */,
				63148AAF190500560028E578 /* SystemConfiguration.framework */,
				63148AAD190500300028E578 /* CoreLocation.framework */,
				63148AAB190500180028E578 /* CoreBluetooth.framework */,
				63148A701904F3F00028E578 /* Foundation.framework */,
				63148A721904F3F00028E578 /* CoreGraphics.framework */,
				63148A741904F3F00028E578 /* UIKit.framework */,
				63148A8F1904F3F00028E578 /* XCTest.framework */,
			);
			name = Frameworks;
			sourceTree = "<group>";
		};
		63148A761904F3F00028E578 /* SensoroExample */ = {
			isa = PBXGroup;
			children = (
				63148AC219052AF20028E578 /* Thirdparty */,
				63148AB619052A630028E578 /* Controller */,
				63148AA71904F8990028E578 /* Model */,
				63148A7F1904F3F00028E578 /* SNAppDelegate.h */,
				63148A801904F3F00028E578 /* SNAppDelegate.m */,
				63148A821904F3F00028E578 /* Main.storyboard */,
				63148A851904F3F00028E578 /* SNViewController.h */,
				63148A861904F3F00028E578 /* SNViewController.m */,
				63148A881904F3F00028E578 /* Images.xcassets */,
				63148A771904F3F00028E578 /* Supporting Files */,
			);
			path = SensoroExample;
			sourceTree = "<group>";
		};
		63148A771904F3F00028E578 /* Supporting Files */ = {
			isa = PBXGroup;
			children = (
				63148A781904F3F00028E578 /* SensoroExample-Info.plist */,
				63148A791904F3F00028E578 /* InfoPlist.strings */,
				63148A7C1904F3F00028E578 /* main.m */,
				63148A7E1904F3F00028E578 /* SensoroExample-Prefix.pch */,
			);
			name = "Supporting Files";
			sourceTree = "<group>";
		};
		63148A951904F3F00028E578 /* SensoroExampleTests */ = {
			isa = PBXGroup;
			children = (
				63148A9B1904F3F00028E578 /* SensoroExampleTests.m */,
				63148A961904F3F00028E578 /* Supporting Files */,
			);
			path = SensoroExampleTests;
			sourceTree = "<group>";
		};
		63148A961904F3F00028E578 /* Supporting Files */ = {
			isa = PBXGroup;
			children = (
				63148A971904F3F00028E578 /* SensoroExampleTests-Info.plist */,
				63148A981904F3F00028E578 /* InfoPlist.strings */,
			);
			name = "Supporting Files";
			sourceTree = "<group>";
		};
		63148AA71904F8990028E578 /* Model */ = {
			isa = PBXGroup;
			children = (
				63148AB3190512BD0028E578 /* KeyDefine.h */,
				63148AA81904F8C50028E578 /* SNSensoroSenseWatcher.h */,
				63148AA91904F8C50028E578 /* SNSensoroSenseWatcher.m */,
			);
			name = Model;
			sourceTree = "<group>";
		};
		63148AB619052A630028E578 /* Controller */ = {
			isa = PBXGroup;
			children = (
				63148AB719052A630028E578 /* Goods */,
			);
			path = Controller;
			sourceTree = "<group>";
		};
		63148AB719052A630028E578 /* Goods */ = {
			isa = PBXGroup;
			children = (
				63148AB819052A630028E578 /* GoodsImage.xib */,
				63148AB919052A630028E578 /* GoodsWeb.xib */,
				63148ABA19052A630028E578 /* SNGoodsImageShowController.h */,
				63148ABB19052A630028E578 /* SNGoodsImageShowController.m */,
				63148ABC19052A630028E578 /* SNWebViewController.h */,
				63148ABD19052A630028E578 /* SNWebViewController.m */,
			);
			path = Goods;
			sourceTree = "<group>";
		};
		63148AC219052AF20028E578 /* Thirdparty */ = {
			isa = PBXGroup;
			children = (
				63148AC319052AF20028E578 /* SDWebImage */,
			);
			path = Thirdparty;
			sourceTree = "<group>";
		};
		63148AC319052AF20028E578 /* SDWebImage */ = {
			isa = PBXGroup;
			children = (
				63148AC419052AF20028E578 /* MKAnnotationView+WebCache.h */,
				63148AC519052AF20028E578 /* MKAnnotationView+WebCache.m */,
				63148AC619052AF20028E578 /* NSData+ImageContentType.h */,
				63148AC719052AF20028E578 /* NSData+ImageContentType.m */,
				63148AC819052AF20028E578 /* SDImageCache.h */,
				63148AC919052AF20028E578 /* SDImageCache.m */,
				63148ACA19052AF20028E578 /* SDWebImageCompat.h */,
				63148ACB19052AF20028E578 /* SDWebImageCompat.m */,
				63148ACC19052AF20028E578 /* SDWebImageDecoder.h */,
				63148ACD19052AF20028E578 /* SDWebImageDecoder.m */,
				63148ACE19052AF20028E578 /* SDWebImageDownloader.h */,
				63148ACF19052AF20028E578 /* SDWebImageDownloader.m */,
				63148AD019052AF20028E578 /* SDWebImageDownloaderOperation.h */,
				63148AD119052AF20028E578 /* SDWebImageDownloaderOperation.m */,
				63148AD219052AF20028E578 /* SDWebImageManager.h */,
				63148AD319052AF20028E578 /* SDWebImageManager.m */,
				63148AD419052AF20028E578 /* SDWebImageOperation.h */,
				63148AD519052AF20028E578 /* SDWebImagePrefetcher.h */,
				63148AD619052AF20028E578 /* SDWebImagePrefetcher.m */,
				63148AD719052AF20028E578 /* UIButton+WebCache.h */,
				63148AD819052AF20028E578 /* UIButton+WebCache.m */,
				63148AD919052AF20028E578 /* UIImage+GIF.h */,
				63148ADA19052AF20028E578 /* UIImage+GIF.m */,
				63148ADB19052AF20028E578 /* UIImage+MultiFormat.h */,
				63148ADC19052AF20028E578 /* UIImage+MultiFormat.m */,
				63148ADD19052AF20028E578 /* UIImage+WebP.h */,
				63148ADE19052AF20028E578 /* UIImage+WebP.m */,
				63148ADF19052AF20028E578 /* UIImageView+WebCache.h */,
				63148AE019052AF20028E578 /* UIImageView+WebCache.m */,
			);
			path = SDWebImage;
			sourceTree = "<group>";
		};
/* End PBXGroup section */

/* Begin PBXNativeTarget section */
		63148A6C1904F3F00028E578 /* SensoroExample */ = {
			isa = PBXNativeTarget;
			buildConfigurationList = 63148A9F1904F3F00028E578 /* Build configuration list for PBXNativeTarget "SensoroExample" */;
			buildPhases = (
				63148A691904F3F00028E578 /* Sources */,
				63148A6A1904F3F00028E578 /* Frameworks */,
				63148A6B1904F3F00028E578 /* Resources */,
			);
			buildRules = (
			);
			dependencies = (
			);
			name = SensoroExample;
			productName = SensoroExample;
			productReference = 63148A6D1904F3F00028E578 /* SensoroExample.app */;
			productType = "com.apple.product-type.application";
		};
		63148A8D1904F3F00028E578 /* SensoroExampleTests */ = {
			isa = PBXNativeTarget;
			buildConfigurationList = 63148AA21904F3F00028E578 /* Build configuration list for PBXNativeTarget "SensoroExampleTests" */;
			buildPhases = (
				63148A8A1904F3F00028E578 /* Sources */,
				63148A8B1904F3F00028E578 /* Frameworks */,
				63148A8C1904F3F00028E578 /* Resources */,
			);
			buildRules = (
			);
			dependencies = (
				63148A941904F3F00028E578 /* PBXTargetDependency */,
			);
			name = SensoroExampleTests;
			productName = SensoroExampleTests;
			productReference = 63148A8E1904F3F00028E578 /* SensoroExampleTests.xctest */;
			productType = "com.apple.product-type.bundle.unit-test";
		};
/* End PBXNativeTarget section */

/* Begin PBXProject section */
		63148A651904F3F00028E578 /* Project object */ = {
			isa = PBXProject;
			attributes = {
				CLASSPREFIX = SN;
				LastUpgradeCheck = 0510;
				ORGANIZATIONNAME = Sensoro;
				TargetAttributes = {
					63148A6C1904F3F00028E578 = {
						DevelopmentTeam = 72K9479UJ5;
					};
					63148A8D1904F3F00028E578 = {
						TestTargetID = 63148A6C1904F3F00028E578;
					};
				};
			};
			buildConfigurationList = 63148A681904F3F00028E578 /* Build configuration list for PBXProject "SensoroExample" */;
			compatibilityVersion = "Xcode 3.2";
			developmentRegion = English;
			hasScannedForEncodings = 0;
			knownRegions = (
				en,
				Base,
			);
			mainGroup = 63148A641904F3F00028E578;
			productRefGroup = 63148A6E1904F3F00028E578 /* Products */;
			projectDirPath = "";
			projectRoot = "";
			targets = (
				63148A6C1904F3F00028E578 /* SensoroExample */,
				63148A8D1904F3F00028E578 /* SensoroExampleTests */,
			);
		};
/* End PBXProject section */

/* Begin PBXResourcesBuildPhase section */
		63148A6B1904F3F00028E578 /* Resources */ = {
			isa = PBXResourcesBuildPhase;
			buildActionMask = 2147483647;
			files = (
				63148A891904F3F00028E578 /* Images.xcassets in Resources */,
				63148A7B1904F3F00028E578 /* InfoPlist.strings in Resources */,
				63148ABE19052A630028E578 /* GoodsImage.xib in Resources */,
				63148A841904F3F00028E578 /* Main.storyboard in Resources */,
				63148ABF19052A630028E578 /* GoodsWeb.xib in Resources */,
			);
			runOnlyForDeploymentPostprocessing = 0;
		};
		63148A8C1904F3F00028E578 /* Resources */ = {
			isa = PBXResourcesBuildPhase;
			buildActionMask = 2147483647;
			files = (
				63148A9A1904F3F00028E578 /* InfoPlist.strings in Resources */,
			);
			runOnlyForDeploymentPostprocessing = 0;
		};
/* End PBXResourcesBuildPhase section */

/* Begin PBXSourcesBuildPhase section */
		63148A691904F3F00028E578 /* Sources */ = {
			isa = PBXSourcesBuildPhase;
			buildActionMask = 2147483647;
			files = (
				63148AAA1904F8C50028E578 /* SNSensoroSenseWatcher.m in Sources */,
				63148AE819052AF20028E578 /* SDWebImageManager.m in Sources */,
				63148AEE19052AF20028E578 /* UIImageView+WebCache.m in Sources */,
				63148AE319052AF20028E578 /* SDImageCache.m in Sources */,
				63148AE719052AF20028E578 /* SDWebImageDownloaderOperation.m in Sources */,
				63148A7D1904F3F00028E578 /* main.m in Sources */,
				63148AEA19052AF20028E578 /* UIButton+WebCache.m in Sources */,
				63148AE219052AF20028E578 /* NSData+ImageContentType.m in Sources */,
				63148AE919052AF20028E578 /* SDWebImagePrefetcher.m in Sources */,
				63148AE619052AF20028E578 /* SDWebImageDownloader.m in Sources */,
				63148AC119052A630028E578 /* SNWebViewController.m in Sources */,
				63148AED19052AF20028E578 /* UIImage+WebP.m in Sources */,
				63148AE519052AF20028E578 /* SDWebImageDecoder.m in Sources */,
				63148AC019052A630028E578 /* SNGoodsImageShowController.m in Sources */,
				63148AE119052AF20028E578 /* MKAnnotationView+WebCache.m in Sources */,
				63148AE419052AF20028E578 /* SDWebImageCompat.m in Sources */,
				63148A871904F3F00028E578 /* SNViewController.m in Sources */,
				63148A811904F3F00028E578 /* SNAppDelegate.m in Sources */,
				63148AEC19052AF20028E578 /* UIImage+MultiFormat.m in Sources */,
				63148AEB19052AF20028E578 /* UIImage+GIF.m in Sources */,
			);
			runOnlyForDeploymentPostprocessing = 0;
		};
		63148A8A1904F3F00028E578 /* Sources */ = {
			isa = PBXSourcesBuildPhase;
			buildActionMask = 2147483647;
			files = (
				63148A9C1904F3F00028E578 /* SensoroExampleTests.m in Sources */,
			);
			runOnlyForDeploymentPostprocessing = 0;
		};
/* End PBXSourcesBuildPhase section */

/* Begin PBXTargetDependency section */
		63148A941904F3F00028E578 /* PBXTargetDependency */ = {
			isa = PBXTargetDependency;
			target = 63148A6C1904F3F00028E578 /* SensoroExample */;
			targetProxy = 63148A931904F3F00028E578 /* PBXContainerItemProxy */;
		};
/* End PBXTargetDependency section */

/* Begin PBXVariantGroup section */
		63148A791904F3F00028E578 /* InfoPlist.strings */ = {
			isa = PBXVariantGroup;
			children = (
				63148A7A1904F3F00028E578 /* en */,
			);
			name = InfoPlist.strings;
			sourceTree = "<group>";
		};
		63148A821904F3F00028E578 /* Main.storyboard */ = {
			isa = PBXVariantGroup;
			children = (
				63148A831904F3F00028E578 /* Base */,
			);
			name = Main.storyboard;
			sourceTree = "<group>";
		};
		63148A981904F3F00028E578 /* InfoPlist.strings */ = {
			isa = PBXVariantGroup;
			children = (
				63148A991904F3F00028E578 /* en */,
			);
			name = InfoPlist.strings;
			sourceTree = "<group>";
		};
/* End PBXVariantGroup section */

/* Begin XCBuildConfiguration section */
		63148A9D1904F3F00028E578 /* Debug */ = {
			isa = XCBuildConfiguration;
			buildSettings = {
				ALWAYS_SEARCH_USER_PATHS = NO;
				CLANG_CXX_LANGUAGE_STANDARD = "gnu++0x";
				CLANG_CXX_LIBRARY = "libc++";
				CLANG_ENABLE_MODULES = YES;
				CLANG_ENABLE_OBJC_ARC = YES;
				CLANG_WARN_BOOL_CONVERSION = YES;
				CLANG_WARN_CONSTANT_CONVERSION = YES;
				CLANG_WARN_DIRECT_OBJC_ISA_USAGE = YES_ERROR;
				CLANG_WARN_EMPTY_BODY = YES;
				CLANG_WARN_ENUM_CONVERSION = YES;
				CLANG_WARN_INT_CONVERSION = YES;
				CLANG_WARN_OBJC_ROOT_CLASS = YES_ERROR;
				CLANG_WARN__DUPLICATE_METHOD_MATCH = YES;
				"CODE_SIGN_IDENTITY[sdk=iphoneos*]" = "iPhone Developer";
				COPY_PHASE_STRIP = NO;
				GCC_C_LANGUAGE_STANDARD = gnu99;
				GCC_DYNAMIC_NO_PIC = NO;
				GCC_OPTIMIZATION_LEVEL = 0;
				GCC_PREPROCESSOR_DEFINITIONS = (
					"DEBUG=1",
					"$(inherited)",
				);
				GCC_SYMBOLS_PRIVATE_EXTERN = NO;
				GCC_WARN_64_TO_32_BIT_CONVERSION = YES;
				GCC_WARN_ABOUT_RETURN_TYPE = YES_ERROR;
				GCC_WARN_UNDECLARED_SELECTOR = YES;
				GCC_WARN_UNINITIALIZED_AUTOS = YES_AGGRESSIVE;
				GCC_WARN_UNUSED_FUNCTION = YES;
				GCC_WARN_UNUSED_VARIABLE = YES;
				IPHONEOS_DEPLOYMENT_TARGET = 7.1;
				ONLY_ACTIVE_ARCH = YES;
				SDKROOT = iphoneos;
			};
			name = Debug;
		};
		63148A9E1904F3F00028E578 /* Release */ = {
			isa = XCBuildConfiguration;
			buildSettings = {
				ALWAYS_SEARCH_USER_PATHS = NO;
				CLANG_CXX_LANGUAGE_STANDARD = "gnu++0x";
				CLANG_CXX_LIBRARY = "libc++";
				CLANG_ENABLE_MODULES = YES;
				CLANG_ENABLE_OBJC_ARC = YES;
				CLANG_WARN_BOOL_CONVERSION = YES;
				CLANG_WARN_CONSTANT_CONVERSION = YES;
				CLANG_WARN_DIRECT_OBJC_ISA_USAGE = YES_ERROR;
				CLANG_WARN_EMPTY_BODY = YES;
				CLANG_WARN_ENUM_CONVERSION = YES;
				CLANG_WARN_INT_CONVERSION = YES;
				CLANG_WARN_OBJC_ROOT_CLASS = YES_ERROR;
				CLANG_WARN__DUPLICATE_METHOD_MATCH = YES;
				"CODE_SIGN_IDENTITY[sdk=iphoneos*]" = "iPhone Developer";
				COPY_PHASE_STRIP = YES;
				ENABLE_NS_ASSERTIONS = NO;
				GCC_C_LANGUAGE_STANDARD = gnu99;
				GCC_WARN_64_TO_32_BIT_CONVERSION = YES;
				GCC_WARN_ABOUT_RETURN_TYPE = YES_ERROR;
				GCC_WARN_UNDECLARED_SELECTOR = YES;
				GCC_WARN_UNINITIALIZED_AUTOS = YES_AGGRESSIVE;
				GCC_WARN_UNUSED_FUNCTION = YES;
				GCC_WARN_UNUSED_VARIABLE = YES;
				IPHONEOS_DEPLOYMENT_TARGET = 7.1;
				SDKROOT = iphoneos;
				VALIDATE_PRODUCT = YES;
			};
			name = Release;
		};
		63148AA01904F3F00028E578 /* Debug */ = {
			isa = XCBuildConfiguration;
			buildSettings = {
				ASSETCATALOG_COMPILER_APPICON_NAME = AppIcon;
				ASSETCATALOG_COMPILER_LAUNCHIMAGE_NAME = LaunchImage;
				CODE_SIGN_IDENTITY = "iPhone Developer";
				FRAMEWORK_SEARCH_PATHS = (
					"$(inherited)",
					"$(PROJECT_DIR)/../../SensoroSDK",
				);
				GCC_PRECOMPILE_PREFIX_HEADER = YES;
				GCC_PREFIX_HEADER = "SensoroExample/SensoroExample-Prefix.pch";
				INFOPLIST_FILE = "SensoroExample/SensoroExample-Info.plist";
				OTHER_LDFLAGS = "-ObjC";
				PRODUCT_NAME = "$(TARGET_NAME)";
				WRAPPER_EXTENSION = app;
			};
			name = Debug;
		};
		63148AA11904F3F00028E578 /* Release */ = {
			isa = XCBuildConfiguration;
			buildSettings = {
				ASSETCATALOG_COMPILER_APPICON_NAME = AppIcon;
				ASSETCATALOG_COMPILER_LAUNCHIMAGE_NAME = LaunchImage;
				CODE_SIGN_IDENTITY = "iPhone Developer";
				FRAMEWORK_SEARCH_PATHS = (
					"$(inherited)",
					"$(PROJECT_DIR)/../../SensoroSDK",
				);
				GCC_PRECOMPILE_PREFIX_HEADER = YES;
				GCC_PREFIX_HEADER = "SensoroExample/SensoroExample-Prefix.pch";
				INFOPLIST_FILE = "SensoroExample/SensoroExample-Info.plist";
				OTHER_LDFLAGS = "-ObjC";
				PRODUCT_NAME = "$(TARGET_NAME)";
				WRAPPER_EXTENSION = app;
			};
			name = Release;
		};
		63148AA31904F3F00028E578 /* Debug */ = {
			isa = XCBuildConfiguration;
			buildSettings = {
				BUNDLE_LOADER = "$(BUILT_PRODUCTS_DIR)/SensoroExample.app/SensoroExample";
				FRAMEWORK_SEARCH_PATHS = (
					"$(SDKROOT)/Developer/Library/Frameworks",
					"$(inherited)",
					"$(DEVELOPER_FRAMEWORKS_DIR)",
				);
				GCC_PRECOMPILE_PREFIX_HEADER = YES;
				GCC_PREFIX_HEADER = "SensoroExample/SensoroExample-Prefix.pch";
				GCC_PREPROCESSOR_DEFINITIONS = (
					"DEBUG=1",
					"$(inherited)",
				);
				INFOPLIST_FILE = "SensoroExampleTests/SensoroExampleTests-Info.plist";
				PRODUCT_NAME = "$(TARGET_NAME)";
				TEST_HOST = "$(BUNDLE_LOADER)";
				WRAPPER_EXTENSION = xctest;
			};
			name = Debug;
		};
		63148AA41904F3F00028E578 /* Release */ = {
			isa = XCBuildConfiguration;
			buildSettings = {
				BUNDLE_LOADER = "$(BUILT_PRODUCTS_DIR)/SensoroExample.app/SensoroExample";
				FRAMEWORK_SEARCH_PATHS = (
					"$(SDKROOT)/Developer/Library/Frameworks",
					"$(inherited)",
					"$(DEVELOPER_FRAMEWORKS_DIR)",
				);
				GCC_PRECOMPILE_PREFIX_HEADER = YES;
				GCC_PREFIX_HEADER = "SensoroExample/SensoroExample-Prefix.pch";
				INFOPLIST_FILE = "SensoroExampleTests/SensoroExampleTests-Info.plist";
				PRODUCT_NAME = "$(TARGET_NAME)";
				TEST_HOST = "$(BUNDLE_LOADER)";
				WRAPPER_EXTENSION = xctest;
			};
			name = Release;
		};
/* End XCBuildConfiguration section */

/* Begin XCConfigurationList section */
		63148A681904F3F00028E578 /* Build configuration list for PBXProject "SensoroExample" */ = {
			isa = XCConfigurationList;
			buildConfigurations = (
				63148A9D1904F3F00028E578 /* Debug */,
				63148A9E1904F3F00028E578 /* Release */,
			);
			defaultConfigurationIsVisible = 0;
			defaultConfigurationName = Release;
		};
		63148A9F1904F3F00028E578 /* Build configuration list for PBXNativeTarget "SensoroExample" */ = {
			isa = XCConfigurationList;
			buildConfigurations = (
				63148AA01904F3F00028E578 /* Debug */,
				63148AA11904F3F00028E578 /* Release */,
			);
			defaultConfigurationIsVisible = 0;
			defaultConfigurationName = Release;
		};
		63148AA21904F3F00028E578 /* Build configuration list for PBXNativeTarget "SensoroExampleTests" */ = {
			isa = XCConfigurationList;
			buildConfigurations = (
				63148AA31904F3F00028E578 /* Debug */,
				63148AA41904F3F00028E578 /* Release */,
			);
			defaultConfigurationIsVisible = 0;
			defaultConfigurationName = Release;
		};
/* End XCConfigurationList section */
	};
	rootObject = 63148A651904F3F00028E578 /* Project object */;
}
